// !$*UTF8*$!
{
	archiveVersion = 1;
	classes = {
	};
	objectVersion = 56;
	objects = {

/* Begin PBXBuildFile section */
		022868842AB16E73002AEAC5 /* PickerViewController.swift in Sources */ = {isa = PBXBuildFile; fileRef = 022868832AB16E73002AEAC5 /* PickerViewController.swift */; };
		02D2AED32AA95E5E004E264A /* AppDelegate.swift in Sources */ = {isa = PBXBuildFile; fileRef = 02D2AED22AA95E5E004E264A /* AppDelegate.swift */; };
		02D2AED52AA95E5E004E264A /* SceneDelegate.swift in Sources */ = {isa = PBXBuildFile; fileRef = 02D2AED42AA95E5E004E264A /* SceneDelegate.swift */; };
		02D2AED72AA95E5E004E264A /* ViewController.swift in Sources */ = {isa = PBXBuildFile; fileRef = 02D2AED62AA95E5E004E264A /* ViewController.swift */; };
		02D2AEDA2AA95E5E004E264A /* Main.storyboard in Resources */ = {isa = PBXBuildFile; fileRef = 02D2AED82AA95E5E004E264A /* Main.storyboard */; };
		02D2AEDC2AA95E63004E264A /* Assets.xcassets in Resources */ = {isa = PBXBuildFile; fileRef = 02D2AEDB2AA95E63004E264A /* Assets.xcassets */; };
		02D2AEDF2AA95E63004E264A /* LaunchScreen.storyboard in Resources */ = {isa = PBXBuildFile; fileRef = 02D2AEDD2AA95E63004E264A /* LaunchScreen.storyboard */; };
		A8CD68D02AB00CE000B55EF4 /* TableViewController.swift in Sources */ = {isa = PBXBuildFile; fileRef = A8CD68CF2AB00CE000B55EF4 /* TableViewController.swift */; };
		A8CD68D52AB01B6E00B55EF4 /* ImageModel.m in Sources */ = {isa = PBXBuildFile; fileRef = A8CD68D42AB01B6E00B55EF4 /* ImageModel.m */; };
		F29456D42AB29FFD009C213D /* PopUpModalViewController.swift in Sources */ = {isa = PBXBuildFile; fileRef = F29456D32AB29FFD009C213D /* PopUpModalViewController.swift */; };
		F29456D62AB2AEAB009C213D /* CollectionViewController.swift in Sources */ = {isa = PBXBuildFile; fileRef = F29456D52AB2AEAB009C213D /* CollectionViewController.swift */; };
		F29456D82AB2B06B009C213D /* CollectionViewCell.swift in Sources */ = {isa = PBXBuildFile; fileRef = F29456D72AB2B06B009C213D /* CollectionViewCell.swift */; };
/* End PBXBuildFile section */

/* Begin PBXFileReference section */
		022868832AB16E73002AEAC5 /* PickerViewController.swift */ = {isa = PBXFileReference; lastKnownFileType = sourcecode.swift; path = PickerViewController.swift; sourceTree = "<group>"; };
		02D2AECF2AA95E5E004E264A /* CS7323_SinkOrSwim.app */ = {isa = PBXFileReference; explicitFileType = wrapper.application; includeInIndex = 0; path = CS7323_SinkOrSwim.app; sourceTree = BUILT_PRODUCTS_DIR; };
		02D2AED22AA95E5E004E264A /* AppDelegate.swift */ = {isa = PBXFileReference; lastKnownFileType = sourcecode.swift; path = AppDelegate.swift; sourceTree = "<group>"; };
		02D2AED42AA95E5E004E264A /* SceneDelegate.swift */ = {isa = PBXFileReference; lastKnownFileType = sourcecode.swift; path = SceneDelegate.swift; sourceTree = "<group>"; };
		02D2AED62AA95E5E004E264A /* ViewController.swift */ = {isa = PBXFileReference; lastKnownFileType = sourcecode.swift; path = ViewController.swift; sourceTree = "<group>"; };
		02D2AED92AA95E5E004E264A /* Base */ = {isa = PBXFileReference; lastKnownFileType = file.storyboard; name = Base; path = Base.lproj/Main.storyboard; sourceTree = "<group>"; };
		02D2AEDB2AA95E63004E264A /* Assets.xcassets */ = {isa = PBXFileReference; lastKnownFileType = folder.assetcatalog; path = Assets.xcassets; sourceTree = "<group>"; };
		02D2AEDE2AA95E63004E264A /* Base */ = {isa = PBXFileReference; lastKnownFileType = file.storyboard; name = Base; path = Base.lproj/LaunchScreen.storyboard; sourceTree = "<group>"; };
		02D2AEE02AA95E63004E264A /* Info.plist */ = {isa = PBXFileReference; lastKnownFileType = text.plist.xml; path = Info.plist; sourceTree = "<group>"; };
		A8CD68CF2AB00CE000B55EF4 /* TableViewController.swift */ = {isa = PBXFileReference; lastKnownFileType = sourcecode.swift; path = TableViewController.swift; sourceTree = "<group>"; };
		A8CD68D12AB01B2400B55EF4 /* CS7323_SinkOrSwim-Bridging-Header.h */ = {isa = PBXFileReference; lastKnownFileType = sourcecode.c.h; path = "CS7323_SinkOrSwim-Bridging-Header.h"; sourceTree = "<group>"; };
		A8CD68D42AB01B6E00B55EF4 /* ImageModel.m */ = {isa = PBXFileReference; lastKnownFileType = sourcecode.c.objc; path = ImageModel.m; sourceTree = "<group>"; };
		A8CD68D62AB01C5800B55EF4 /* ImageModel.h */ = {isa = PBXFileReference; lastKnownFileType = sourcecode.c.h; path = ImageModel.h; sourceTree = "<group>"; };
		F29456D32AB29FFD009C213D /* PopUpModalViewController.swift */ = {isa = PBXFileReference; lastKnownFileType = sourcecode.swift; path = PopUpModalViewController.swift; sourceTree = "<group>"; };
		F29456D52AB2AEAB009C213D /* CollectionViewController.swift */ = {isa = PBXFileReference; lastKnownFileType = sourcecode.swift; path = CollectionViewController.swift; sourceTree = "<group>"; };
		F29456D72AB2B06B009C213D /* CollectionViewCell.swift */ = {isa = PBXFileReference; lastKnownFileType = sourcecode.swift; path = CollectionViewCell.swift; sourceTree = "<group>"; };
/* End PBXFileReference section */

/* Begin PBXFrameworksBuildPhase section */
		02D2AECC2AA95E5E004E264A /* Frameworks */ = {
			isa = PBXFrameworksBuildPhase;
			buildActionMask = 2147483647;
			files = (
			);
			runOnlyForDeploymentPostprocessing = 0;
		};
/* End PBXFrameworksBuildPhase section */

/* Begin PBXGroup section */
		02D2AEC62AA95E5E004E264A = {
			isa = PBXGroup;
			children = (
				02D2AED12AA95E5E004E264A /* CS7323_SinkOrSwim */,
				02D2AED02AA95E5E004E264A /* Products */,
			);
			sourceTree = "<group>";
		};
		02D2AED02AA95E5E004E264A /* Products */ = {
			isa = PBXGroup;
			children = (
				02D2AECF2AA95E5E004E264A /* CS7323_SinkOrSwim.app */,
			);
			name = Products;
			sourceTree = "<group>";
		};
		02D2AED12AA95E5E004E264A /* CS7323_SinkOrSwim */ = {
			isa = PBXGroup;
			children = (
				02D2AED22AA95E5E004E264A /* AppDelegate.swift */,
				02D2AED42AA95E5E004E264A /* SceneDelegate.swift */,
				02D2AED62AA95E5E004E264A /* ViewController.swift */,
				02D2AED82AA95E5E004E264A /* Main.storyboard */,
				02D2AEDB2AA95E63004E264A /* Assets.xcassets */,
				02D2AEDD2AA95E63004E264A /* LaunchScreen.storyboard */,
				02D2AEE02AA95E63004E264A /* Info.plist */,
				A8CD68CF2AB00CE000B55EF4 /* TableViewController.swift */,
				022868832AB16E73002AEAC5 /* PickerViewController.swift */,
				A8CD68D62AB01C5800B55EF4 /* ImageModel.h */,
				A8CD68D42AB01B6E00B55EF4 /* ImageModel.m */,
				A8CD68D12AB01B2400B55EF4 /* CS7323_SinkOrSwim-Bridging-Header.h */,
				F29456D32AB29FFD009C213D /* PopUpModalViewController.swift */,
				F29456D52AB2AEAB009C213D /* CollectionViewController.swift */,
				F29456D72AB2B06B009C213D /* CollectionViewCell.swift */,
			);
			path = CS7323_SinkOrSwim;
			sourceTree = "<group>";
		};
/* End PBXGroup section */

/* Begin PBXNativeTarget section */
		02D2AECE2AA95E5E004E264A /* CS7323_SinkOrSwim */ = {
			isa = PBXNativeTarget;
			buildConfigurationList = 02D2AEE32AA95E63004E264A /* Build configuration list for PBXNativeTarget "CS7323_SinkOrSwim" */;
			buildPhases = (
				02D2AECB2AA95E5E004E264A /* Sources */,
				02D2AECC2AA95E5E004E264A /* Frameworks */,
				02D2AECD2AA95E5E004E264A /* Resources */,
			);
			buildRules = (
			);
			dependencies = (
			);
			name = CS7323_SinkOrSwim;
			productName = CS7323_SinkOrSwim;
			productReference = 02D2AECF2AA95E5E004E264A /* CS7323_SinkOrSwim.app */;
			productType = "com.apple.product-type.application";
		};
/* End PBXNativeTarget section */

/* Begin PBXProject section */
		02D2AEC72AA95E5E004E264A /* Project object */ = {
			isa = PBXProject;
			attributes = {
				BuildIndependentTargetsInParallel = 1;
				LastSwiftUpdateCheck = 1430;
				LastUpgradeCheck = 1430;
				TargetAttributes = {
					02D2AECE2AA95E5E004E264A = {
						CreatedOnToolsVersion = 14.3.1;
						LastSwiftMigration = 1430;
					};
				};
			};
			buildConfigurationList = 02D2AECA2AA95E5E004E264A /* Build configuration list for PBXProject "CS7323_SinkOrSwim" */;
			compatibilityVersion = "Xcode 14.0";
			developmentRegion = en;
			hasScannedForEncodings = 0;
			knownRegions = (
				en,
				Base,
			);
			mainGroup = 02D2AEC62AA95E5E004E264A;
			productRefGroup = 02D2AED02AA95E5E004E264A /* Products */;
			projectDirPath = "";
			projectRoot = "";
			targets = (
				02D2AECE2AA95E5E004E264A /* CS7323_SinkOrSwim */,
			);
		};
/* End PBXProject section */

/* Begin PBXResourcesBuildPhase section */
		02D2AECD2AA95E5E004E264A /* Resources */ = {
			isa = PBXResourcesBuildPhase;
			buildActionMask = 2147483647;
			files = (
				02D2AEDF2AA95E63004E264A /* LaunchScreen.storyboard in Resources */,
				02D2AEDC2AA95E63004E264A /* Assets.xcassets in Resources */,
				02D2AEDA2AA95E5E004E264A /* Main.storyboard in Resources */,
			);
			runOnlyForDeploymentPostprocessing = 0;
		};
/* End PBXResourcesBuildPhase section */

/* Begin PBXSourcesBuildPhase section */
		02D2AECB2AA95E5E004E264A /* Sources */ = {
			isa = PBXSourcesBuildPhase;
			buildActionMask = 2147483647;
			files = (
				A8CD68D52AB01B6E00B55EF4 /* ImageModel.m in Sources */,
				02D2AED72AA95E5E004E264A /* ViewController.swift in Sources */,
				F29456D82AB2B06B009C213D /* CollectionViewCell.swift in Sources */,
				F29456D42AB29FFD009C213D /* PopUpModalViewController.swift in Sources */,
				02D2AED32AA95E5E004E264A /* AppDelegate.swift in Sources */,
				F29456D62AB2AEAB009C213D /* CollectionViewController.swift in Sources */,
				02D2AED52AA95E5E004E264A /* SceneDelegate.swift in Sources */,
				022868842AB16E73002AEAC5 /* PickerViewController.swift in Sources */,
				A8CD68D02AB00CE000B55EF4 /* TableViewController.swift in Sources */,
			);
			runOnlyForDeploymentPostprocessing = 0;
		};
/* End PBXSourcesBuildPhase section */

/* Begin PBXVariantGroup section */
		02D2AED82AA95E5E004E264A /* Main.storyboard */ = {
			isa = PBXVariantGroup;
			children = (
				02D2AED92AA95E5E004E264A /* Base */,
			);
			name = Main.storyboard;
			sourceTree = "<group>";
		};
		02D2AEDD2AA95E63004E264A /* LaunchScreen.storyboard */ = {
			isa = PBXVariantGroup;
			children = (
				02D2AEDE2AA95E63004E264A /* Base */,
			);
			name = LaunchScreen.storyboard;
			sourceTree = "<group>";
		};
/* End PBXVariantGroup section */

/* Begin XCBuildConfiguration section */
		02D2AEE12AA95E63004E264A /* Debug */ = {
			isa = XCBuildConfiguration;
			buildSettings = {
				ALWAYS_SEARCH_USER_PATHS = NO;
				CLANG_ANALYZER_NONNULL = YES;
				CLANG_ANALYZER_NUMBER_OBJECT_CONVERSION = YES_AGGRESSIVE;
				CLANG_CXX_LANGUAGE_STANDARD = "gnu++20";
				CLANG_ENABLE_MODULES = YES;
				CLANG_ENABLE_OBJC_ARC = YES;
				CLANG_ENABLE_OBJC_WEAK = YES;
				CLANG_WARN_BLOCK_CAPTURE_AUTORELEASING = YES;
				CLANG_WARN_BOOL_CONVERSION = YES;
				CLANG_WARN_COMMA = YES;
				CLANG_WARN_CONSTANT_CONVERSION = YES;
				CLANG_WARN_DEPRECATED_OBJC_IMPLEMENTATIONS = YES;
				CLANG_WARN_DIRECT_OBJC_ISA_USAGE = YES_ERROR;
				CLANG_WARN_DOCUMENTATION_COMMENTS = YES;
				CLANG_WARN_EMPTY_BODY = YES;
				CLANG_WARN_ENUM_CONVERSION = YES;
				CLANG_WARN_INFINITE_RECURSION = YES;
				CLANG_WARN_INT_CONVERSION = YES;
				CLANG_WARN_NON_LITERAL_NULL_CONVERSION = YES;
				CLANG_WARN_OBJC_IMPLICIT_RETAIN_SELF = YES;
				CLANG_WARN_OBJC_LITERAL_CONVERSION = YES;
				CLANG_WARN_OBJC_ROOT_CLASS = YES_ERROR;
				CLANG_WARN_QUOTED_INCLUDE_IN_FRAMEWORK_HEADER = YES;
				CLANG_WARN_RANGE_LOOP_ANALYSIS = YES;
				CLANG_WARN_STRICT_PROTOTYPES = YES;
				CLANG_WARN_SUSPICIOUS_MOVE = YES;
				CLANG_WARN_UNGUARDED_AVAILABILITY = YES_AGGRESSIVE;
				CLANG_WARN_UNREACHABLE_CODE = YES;
				CLANG_WARN__DUPLICATE_METHOD_MATCH = YES;
				COPY_PHASE_STRIP = NO;
				DEBUG_INFORMATION_FORMAT = dwarf;
				ENABLE_STRICT_OBJC_MSGSEND = YES;
				ENABLE_TESTABILITY = YES;
				GCC_C_LANGUAGE_STANDARD = gnu11;
				GCC_DYNAMIC_NO_PIC = NO;
				GCC_NO_COMMON_BLOCKS = YES;
				GCC_OPTIMIZATION_LEVEL = 0;
				GCC_PREPROCESSOR_DEFINITIONS = (
					"DEBUG=1",
					"$(inherited)",
				);
				GCC_WARN_64_TO_32_BIT_CONVERSION = YES;
				GCC_WARN_ABOUT_RETURN_TYPE = YES_ERROR;
				GCC_WARN_UNDECLARED_SELECTOR = YES;
				GCC_WARN_UNINITIALIZED_AUTOS = YES_AGGRESSIVE;
				GCC_WARN_UNUSED_FUNCTION = YES;
				GCC_WARN_UNUSED_VARIABLE = YES;
				IPHONEOS_DEPLOYMENT_TARGET = 16.4;
				MTL_ENABLE_DEBUG_INFO = INCLUDE_SOURCE;
				MTL_FAST_MATH = YES;
				ONLY_ACTIVE_ARCH = YES;
				SDKROOT = iphoneos;
				SWIFT_ACTIVE_COMPILATION_CONDITIONS = DEBUG;
				SWIFT_OPTIMIZATION_LEVEL = "-Onone";
			};
			name = Debug;
		};
		02D2AEE22AA95E63004E264A /* Release */ = {
			isa = XCBuildConfiguration;
			buildSettings = {
				ALWAYS_SEARCH_USER_PATHS = NO;
				CLANG_ANALYZER_NONNULL = YES;
				CLANG_ANALYZER_NUMBER_OBJECT_CONVERSION = YES_AGGRESSIVE;
				CLANG_CXX_LANGUAGE_STANDARD = "gnu++20";
				CLANG_ENABLE_MODULES = YES;
				CLANG_ENABLE_OBJC_ARC = YES;
				CLANG_ENABLE_OBJC_WEAK = YES;
				CLANG_WARN_BLOCK_CAPTURE_AUTORELEASING = YES;
				CLANG_WARN_BOOL_CONVERSION = YES;
				CLANG_WARN_COMMA = YES;
				CLANG_WARN_CONSTANT_CONVERSION = YES;
				CLANG_WARN_DEPRECATED_OBJC_IMPLEMENTATIONS = YES;
				CLANG_WARN_DIRECT_OBJC_ISA_USAGE = YES_ERROR;
				CLANG_WARN_DOCUMENTATION_COMMENTS = YES;
				CLANG_WARN_EMPTY_BODY = YES;
				CLANG_WARN_ENUM_CONVERSION = YES;
				CLANG_WARN_INFINITE_RECURSION = YES;
				CLANG_WARN_INT_CONVERSION = YES;
				CLANG_WARN_NON_LITERAL_NULL_CONVERSION = YES;
				CLANG_WARN_OBJC_IMPLICIT_RETAIN_SELF = YES;
				CLANG_WARN_OBJC_LITERAL_CONVERSION = YES;
				CLANG_WARN_OBJC_ROOT_CLASS = YES_ERROR;
				CLANG_WARN_QUOTED_INCLUDE_IN_FRAMEWORK_HEADER = YES;
				CLANG_WARN_RANGE_LOOP_ANALYSIS = YES;
				CLANG_WARN_STRICT_PROTOTYPES = YES;
				CLANG_WARN_SUSPICIOUS_MOVE = YES;
				CLANG_WARN_UNGUARDED_AVAILABILITY = YES_AGGRESSIVE;
				CLANG_WARN_UNREACHABLE_CODE = YES;
				CLANG_WARN__DUPLICATE_METHOD_MATCH = YES;
				COPY_PHASE_STRIP = NO;
				DEBUG_INFORMATION_FORMAT = "dwarf-with-dsym";
				ENABLE_NS_ASSERTIONS = NO;
				ENABLE_STRICT_OBJC_MSGSEND = YES;
				GCC_C_LANGUAGE_STANDARD = gnu11;
				GCC_NO_COMMON_BLOCKS = YES;
				GCC_WARN_64_TO_32_BIT_CONVERSION = YES;
				GCC_WARN_ABOUT_RETURN_TYPE = YES_ERROR;
				GCC_WARN_UNDECLARED_SELECTOR = YES;
				GCC_WARN_UNINITIALIZED_AUTOS = YES_AGGRESSIVE;
				GCC_WARN_UNUSED_FUNCTION = YES;
				GCC_WARN_UNUSED_VARIABLE = YES;
				IPHONEOS_DEPLOYMENT_TARGET = 16.4;
				MTL_ENABLE_DEBUG_INFO = NO;
				MTL_FAST_MATH = YES;
				SDKROOT = iphoneos;
				SWIFT_COMPILATION_MODE = wholemodule;
				SWIFT_OPTIMIZATION_LEVEL = "-O";
				VALIDATE_PRODUCT = YES;
			};
			name = Release;
		};
		02D2AEE42AA95E63004E264A /* Debug */ = {
			isa = XCBuildConfiguration;
			buildSettings = {
				ASSETCATALOG_COMPILER_APPICON_NAME = AppIcon;
				ASSETCATALOG_COMPILER_GLOBAL_ACCENT_COLOR_NAME = AccentColor;
				CLANG_ENABLE_MODULES = YES;
				CODE_SIGN_STYLE = Automatic;
				CURRENT_PROJECT_VERSION = 1;
				GENERATE_INFOPLIST_FILE = YES;
				INFOPLIST_FILE = CS7323_SinkOrSwim/Info.plist;
				INFOPLIST_KEY_LSApplicationCategoryType = "public.app-category.education";
				INFOPLIST_KEY_UIApplicationSupportsIndirectInputEvents = YES;
				INFOPLIST_KEY_UILaunchStoryboardName = LaunchScreen.storyboard;
				INFOPLIST_KEY_UIMainStoryboardFile = Main;
				INFOPLIST_KEY_UISupportedInterfaceOrientations = "UIInterfaceOrientationLandscapeLeft UIInterfaceOrientationLandscapeRight UIInterfaceOrientationPortrait";
				INFOPLIST_KEY_UISupportedInterfaceOrientations_iPad = "UIInterfaceOrientationLandscapeLeft UIInterfaceOrientationLandscapeRight UIInterfaceOrientationPortrait UIInterfaceOrientationPortraitUpsideDown";
				IPHONEOS_DEPLOYMENT_TARGET = 16.0;
				LD_RUNPATH_SEARCH_PATHS = (
					"$(inherited)",
					"@executable_path/Frameworks",
				);
				MARKETING_VERSION = 1.0;
				PRODUCT_BUNDLE_IDENTIFIER = "HBJ.CS7323-SinkOrSwim";
				PRODUCT_NAME = "$(TARGET_NAME)";
				SUPPORTED_PLATFORMS = "iphoneos iphonesimulator";
				SUPPORTS_MACCATALYST = NO;
				SUPPORTS_MAC_DESIGNED_FOR_IPHONE_IPAD = YES;
				SWIFT_EMIT_LOC_STRINGS = YES;
				SWIFT_OBJC_BRIDGING_HEADER = "CS7323_SinkOrSwim/CS7323_SinkOrSwim-Bridging-Header.h";
				SWIFT_OPTIMIZATION_LEVEL = "-Onone";
				SWIFT_VERSION = 5.0;
				TARGETED_DEVICE_FAMILY = 1;
			};
			name = Debug;
		};
		02D2AEE52AA95E63004E264A /* Release */ = {
			isa = XCBuildConfiguration;
			buildSettings = {
				ASSETCATALOG_COMPILER_APPICON_NAME = AppIcon;
				ASSETCATALOG_COMPILER_GLOBAL_ACCENT_COLOR_NAME = AccentColor;
				CLANG_ENABLE_MODULES = YES;
				CODE_SIGN_STYLE = Automatic;
				CURRENT_PROJECT_VERSION = 1;
				GENERATE_INFOPLIST_FILE = YES;
				INFOPLIST_FILE = CS7323_SinkOrSwim/Info.plist;
				INFOPLIST_KEY_LSApplicationCategoryType = "public.app-category.education";
				INFOPLIST_KEY_UIApplicationSupportsIndirectInputEvents = YES;
				INFOPLIST_KEY_UILaunchStoryboardName = LaunchScreen.storyboard;
				INFOPLIST_KEY_UIMainStoryboardFile = Main;
				INFOPLIST_KEY_UISupportedInterfaceOrientations = "UIInterfaceOrientationLandscapeLeft UIInterfaceOrientationLandscapeRight UIInterfaceOrientationPortrait";
				INFOPLIST_KEY_UISupportedInterfaceOrientations_iPad = "UIInterfaceOrientationLandscapeLeft UIInterfaceOrientationLandscapeRight UIInterfaceOrientationPortrait UIInterfaceOrientationPortraitUpsideDown";
				IPHONEOS_DEPLOYMENT_TARGET = 16.0;
				LD_RUNPATH_SEARCH_PATHS = (
					"$(inherited)",
					"@executable_path/Frameworks",
				);
				MARKETING_VERSION = 1.0;
				PRODUCT_BUNDLE_IDENTIFIER = "HBJ.CS7323-SinkOrSwim";
				PRODUCT_NAME = "$(TARGET_NAME)";
				SUPPORTED_PLATFORMS = "iphoneos iphonesimulator";
				SUPPORTS_MACCATALYST = NO;
				SUPPORTS_MAC_DESIGNED_FOR_IPHONE_IPAD = YES;
				SWIFT_EMIT_LOC_STRINGS = YES;
				SWIFT_OBJC_BRIDGING_HEADER = "CS7323_SinkOrSwim/CS7323_SinkOrSwim-Bridging-Header.h";
				SWIFT_VERSION = 5.0;
				TARGETED_DEVICE_FAMILY = 1;
			};
			name = Release;
		};
/* End XCBuildConfiguration section */

/* Begin XCConfigurationList section */
		02D2AECA2AA95E5E004E264A /* Build configuration list for PBXProject "CS7323_SinkOrSwim" */ = {
			isa = XCConfigurationList;
			buildConfigurations = (
				02D2AEE12AA95E63004E264A /* Debug */,
				02D2AEE22AA95E63004E264A /* Release */,
			);
			defaultConfigurationIsVisible = 0;
			defaultConfigurationName = Release;
		};
		02D2AEE32AA95E63004E264A /* Build configuration list for PBXNativeTarget "CS7323_SinkOrSwim" */ = {
			isa = XCConfigurationList;
			buildConfigurations = (
				02D2AEE42AA95E63004E264A /* Debug */,
				02D2AEE52AA95E63004E264A /* Release */,
			);
			defaultConfigurationIsVisible = 0;
			defaultConfigurationName = Release;
		};
/* End XCConfigurationList section */
	};
	rootObject = 02D2AEC72AA95E5E004E264A /* Project object */;
}
